
Microsoft Visual Studio Solution File, Format Version 12.00
# Visual Studio Version 16
VisualStudioVersion = 16.0.30114.105
MinimumVisualStudioVersion = 10.0.40219.1
Project("{FAE04EC0-301F-11D3-BF4B-00C04F79EFBC}") = "ClassLibraryCustomer", "ClassLibraryCustomer\ClassLibraryCustomer.csproj", "{5AE37C34-46E8-4DA4-B5AC-4D55630F2E1E}"
EndProject
Global
	GlobalSection(SolutionConfigurationPlatforms) = preSolution
		Debug|Any CPU = Debug|Any CPU
		Release|Any CPU = Release|Any CPU
	EndGlobalSection
	GlobalSection(ProjectConfigurationPlatforms) = postSolution
		{5AE37C34-46E8-4DA4-B5AC-4D55630F2E1E}.Debug|Any CPU.ActiveCfg = Debug|Any CPU
		{5AE37C34-46E8-4DA4-B5AC-4D55630F2E1E}.Debug|Any CPU.Build.0 = Debug|Any CPU
		{5AE37C34-46E8-4DA4-B5AC-4D55630F2E1E}.Release|Any CPU.ActiveCfg = Release|Any CPU
		{5AE37C34-46E8-4DA4-B5AC-4D55630F2E1E}.Release|Any CPU.Build.0 = Release|Any CPU
	EndGlobalSection
	GlobalSection(SolutionProperties) = preSolution
		HideSolutionNode = FALSE
	EndGlobalSection
	GlobalSection(ExtensibilityGlobals) = postSolution
		SolutionGuid = {F1849BCB-0DE1-4C71-B8A3-544FCBA7505F}
	EndGlobalSection
EndGlobal
